
Microsoft Visual Studio Solution File, Format Version 12.00
# Visual Studio Version 17
VisualStudioVersion = 17.5.002.0
MinimumVisualStudioVersion = 10.0.40219.1
Project("{9A19103F-16F7-4668-BE54-9A1E7A4F7556}") = ".Net-Prova", "carol-branch\.Net-Prova.csproj", "{C7D9F384-C1D0-4776-AA98-8C3B78B57886}"
EndProject
Global
	GlobalSection(SolutionConfigurationPlatforms) = preSolution
		Debug|Any CPU = Debug|Any CPU
		Release|Any CPU = Release|Any CPU
	EndGlobalSection
	GlobalSection(ProjectConfigurationPlatforms) = postSolution
		{C7D9F384-C1D0-4776-AA98-8C3B78B57886}.Debug|Any CPU.ActiveCfg = Debug|Any CPU
		{C7D9F384-C1D0-4776-AA98-8C3B78B57886}.Debug|Any CPU.Build.0 = Debug|Any CPU
		{C7D9F384-C1D0-4776-AA98-8C3B78B57886}.Release|Any CPU.ActiveCfg = Release|Any CPU
		{C7D9F384-C1D0-4776-AA98-8C3B78B57886}.Release|Any CPU.Build.0 = Release|Any CPU
	EndGlobalSection
	GlobalSection(SolutionProperties) = preSolution
		HideSolutionNode = FALSE
	EndGlobalSection
	GlobalSection(ExtensibilityGlobals) = postSolution
		SolutionGuid = {548DDE4E-784F-47E3-B913-1DA36FF0447E}
	EndGlobalSection
EndGlobal
