
Microsoft Visual Studio Solution File, Format Version 12.00
# Visual Studio Version 17
VisualStudioVersion = 17.5.002.0
MinimumVisualStudioVersion = 10.0.40219.1
Project("{9A19103F-16F7-4668-BE54-9A1E7A4F7556}") = ".NET-P004", ".NET-P004.csproj", "{C9B6C0D3-0CB2-4A88-A117-64414E5876FA}"
EndProject
Global
	GlobalSection(SolutionConfigurationPlatforms) = preSolution
		Debug|Any CPU = Debug|Any CPU
		Release|Any CPU = Release|Any CPU
	EndGlobalSection
	GlobalSection(ProjectConfigurationPlatforms) = postSolution
		{C9B6C0D3-0CB2-4A88-A117-64414E5876FA}.Debug|Any CPU.ActiveCfg = Debug|Any CPU
		{C9B6C0D3-0CB2-4A88-A117-64414E5876FA}.Debug|Any CPU.Build.0 = Debug|Any CPU
		{C9B6C0D3-0CB2-4A88-A117-64414E5876FA}.Release|Any CPU.ActiveCfg = Release|Any CPU
		{C9B6C0D3-0CB2-4A88-A117-64414E5876FA}.Release|Any CPU.Build.0 = Release|Any CPU
	EndGlobalSection
	GlobalSection(SolutionProperties) = preSolution
		HideSolutionNode = FALSE
	EndGlobalSection
	GlobalSection(ExtensibilityGlobals) = postSolution
		SolutionGuid = {D63E1625-6D3C-40CA-8FEA-C2A922EE667D}
	EndGlobalSection
EndGlobal
